// !$*UTF8*$!
{
	archiveVersion = 1;
	classes = {
	};
	objectVersion = 46;
	objects = {

/* Begin PBXBuildFile section */
		935355D31B506BAC0018041F /* gl3.h in Headers */ = {isa = PBXBuildFile; fileRef = 93B585B31B4E666D009D7C5A /* gl3.h */; };
		93B585091B4E6561009D7C5A /* gl2.h in Headers */ = {isa = PBXBuildFile; fileRef = 93D7E4651B2C5359006EA047 /* gl2.h */; };
		93B585B71B4E6689009D7C5A /* gl2.cc in Sources */ = {isa = PBXBuildFile; fileRef = 93D7E4641B2C5359006EA047 /* gl2.cc */; };
		93B585B91B4E668C009D7C5A /* gl3.cc in Sources */ = {isa = PBXBuildFile; fileRef = 93B585B21B4E666D009D7C5A /* gl3.cc */; };
		93B587FB1B4E7EC0009D7C5A /* OpenGL.framework in Frameworks */ = {isa = PBXBuildFile; fileRef = 93B585C81B4E7D1E009D7C5A /* OpenGL.framework */; };
		93B587FD1B4E7EC5009D7C5A /* OpenGL.framework in Frameworks */ = {isa = PBXBuildFile; fileRef = 93B585C81B4E7D1E009D7C5A /* OpenGL.framework */; };
/* End PBXBuildFile section */

/* Begin PBXFileReference section */
		930955031A4FB1E200D09023 /* product.xcconfig */ = {isa = PBXFileReference; lastKnownFileType = text.xcconfig; path = product.xcconfig; sourceTree = "<group>"; };
		930955041A4FB1E200D09023 /* product_release.xcconfig */ = {isa = PBXFileReference; lastKnownFileType = text.xcconfig; path = product_release.xcconfig; sourceTree = "<group>"; };
		930955051A4FB1E200D09023 /* product_debug.xcconfig */ = {isa = PBXFileReference; lastKnownFileType = text.xcconfig; path = product_debug.xcconfig; sourceTree = "<group>"; };
		930955061A4FB1E200D09023 /* product_test.xcconfig */ = {isa = PBXFileReference; lastKnownFileType = text.xcconfig; path = product_test.xcconfig; sourceTree = "<group>"; };
		930959301A5062D400D09023 /* project_debug.xcconfig */ = {isa = PBXFileReference; lastKnownFileType = text.xcconfig; path = project_debug.xcconfig; sourceTree = "<group>"; };
		930959311A5062D400D09023 /* project_release.xcconfig */ = {isa = PBXFileReference; lastKnownFileType = text.xcconfig; path = project_release.xcconfig; sourceTree = "<group>"; };
		930959321A5062D400D09023 /* project.xcconfig */ = {isa = PBXFileReference; lastKnownFileType = text.xcconfig; path = project.xcconfig; sourceTree = "<group>"; };
		93B584E11B4E6506009D7C5A /* dependencies.xcconfig */ = {isa = PBXFileReference; lastKnownFileType = text.xcconfig; path = dependencies.xcconfig; sourceTree = "<group>"; };
		93B585151B4E6561009D7C5A /* libtakram_nanovg_osx_gl2.a */ = {isa = PBXFileReference; explicitFileType = archive.ar; includeInIndex = 0; path = libtakram_nanovg_osx_gl2.a; sourceTree = BUILT_PRODUCTS_DIR; };
		93B5857D1B4E65B0009D7C5A /* libtakram_nanovg_osx_gl3.a */ = {isa = PBXFileReference; explicitFileType = archive.ar; includeInIndex = 0; path = libtakram_nanovg_osx_gl3.a; sourceTree = BUILT_PRODUCTS_DIR; };
		93B585B21B4E666D009D7C5A /* gl3.cc */ = {isa = PBXFileReference; lastKnownFileType = sourcecode.cpp.cpp; path = gl3.cc; sourceTree = "<group>"; };
		93B585B31B4E666D009D7C5A /* gl3.h */ = {isa = PBXFileReference; lastKnownFileType = sourcecode.c.h; path = gl3.h; sourceTree = "<group>"; };
		93B585C81B4E7D1E009D7C5A /* OpenGL.framework */ = {isa = PBXFileReference; lastKnownFileType = wrapper.framework; name = OpenGL.framework; path = System/Library/Frameworks/OpenGL.framework; sourceTree = SDKROOT; };
		93D7E4641B2C5359006EA047 /* gl2.cc */ = {isa = PBXFileReference; fileEncoding = 4; lastKnownFileType = sourcecode.cpp.cpp; path = gl2.cc; sourceTree = "<group>"; };
		93D7E4651B2C5359006EA047 /* gl2.h */ = {isa = PBXFileReference; fileEncoding = 4; lastKnownFileType = sourcecode.c.h; path = gl2.h; sourceTree = "<group>"; };
/* End PBXFileReference section */

/* Begin PBXFrameworksBuildPhase section */
		93B585021B4E6561009D7C5A /* Frameworks */ = {
			isa = PBXFrameworksBuildPhase;
			buildActionMask = 2147483647;
			files = (
				93B587FD1B4E7EC5009D7C5A /* OpenGL.framework in Frameworks */,
			);
			runOnlyForDeploymentPostprocessing = 0;
		};
		93B5856A1B4E65B0009D7C5A /* Frameworks */ = {
			isa = PBXFrameworksBuildPhase;
			buildActionMask = 2147483647;
			files = (
				93B587FB1B4E7EC0009D7C5A /* OpenGL.framework in Frameworks */,
			);
			runOnlyForDeploymentPostprocessing = 0;
		};
/* End PBXFrameworksBuildPhase section */

/* Begin PBXGroup section */
		930955021A4FB1E200D09023 /* config */ = {
			isa = PBXGroup;
			children = (
				93B584E11B4E6506009D7C5A /* dependencies.xcconfig */,
				930959321A5062D400D09023 /* project.xcconfig */,
				930959301A5062D400D09023 /* project_debug.xcconfig */,
				930959311A5062D400D09023 /* project_release.xcconfig */,
				930955031A4FB1E200D09023 /* product.xcconfig */,
				930955051A4FB1E200D09023 /* product_debug.xcconfig */,
				930955041A4FB1E200D09023 /* product_release.xcconfig */,
				930955061A4FB1E200D09023 /* product_test.xcconfig */,
			);
			path = config;
			sourceTree = "<group>";
		};
		93B585C71B4E7D10009D7C5A /* linked frameworks */ = {
			isa = PBXGroup;
			children = (
				93B585C81B4E7D1E009D7C5A /* OpenGL.framework */,
			);
			name = "linked frameworks";
			sourceTree = "<group>";
		};
		93D7E38D1B2BCBEB006EA047 /* src */ = {
			isa = PBXGroup;
			children = (
				93D7E4601B2C5359006EA047 /* nanovg */,
			);
			name = src;
			path = src/takram;
			sourceTree = "<group>";
		};
		93D7E4601B2C5359006EA047 /* nanovg */ = {
			isa = PBXGroup;
			children = (
				93D7E4651B2C5359006EA047 /* gl2.h */,
				93D7E4641B2C5359006EA047 /* gl2.cc */,
				93B585B31B4E666D009D7C5A /* gl3.h */,
				93B585B21B4E666D009D7C5A /* gl3.cc */,
			);
			path = nanovg;
			sourceTree = "<group>";
		};
		93F8AD6617C8B39800310877 = {
			isa = PBXGroup;
			children = (
				93D7E38D1B2BCBEB006EA047 /* src */,
				930955021A4FB1E200D09023 /* config */,
				93B585C71B4E7D10009D7C5A /* linked frameworks */,
				93F8AD7017C8B39800310877 /* products */,
			);
			sourceTree = "<group>";
		};
		93F8AD7017C8B39800310877 /* products */ = {
			isa = PBXGroup;
			children = (
				93B585151B4E6561009D7C5A /* libtakram_nanovg_osx_gl2.a */,
				93B5857D1B4E65B0009D7C5A /* libtakram_nanovg_osx_gl3.a */,
			);
			name = products;
			sourceTree = "<group>";
		};
/* End PBXGroup section */

/* Begin PBXHeadersBuildPhase section */
		93B585031B4E6561009D7C5A /* Headers */ = {
			isa = PBXHeadersBuildPhase;
			buildActionMask = 2147483647;
			files = (
				93B585091B4E6561009D7C5A /* gl2.h in Headers */,
			);
			runOnlyForDeploymentPostprocessing = 0;
		};
		93B5856B1B4E65B0009D7C5A /* Headers */ = {
			isa = PBXHeadersBuildPhase;
			buildActionMask = 2147483647;
			files = (
				935355D31B506BAC0018041F /* gl3.h in Headers */,
			);
			runOnlyForDeploymentPostprocessing = 0;
		};
/* End PBXHeadersBuildPhase section */

/* Begin PBXNativeTarget section */
		93B584FC1B4E6561009D7C5A /* nanovg_osx_gl2 */ = {
			isa = PBXNativeTarget;
			buildConfigurationList = 93B585121B4E6561009D7C5A /* Build configuration list for PBXNativeTarget "nanovg_osx_gl2" */;
			buildPhases = (
				93B584FD1B4E6561009D7C5A /* Sources */,
				93B585021B4E6561009D7C5A /* Frameworks */,
				93B585031B4E6561009D7C5A /* Headers */,
			);
			buildRules = (
			);
			dependencies = (
			);
			name = nanovg_osx_gl2;
			productName = sgss_opaque;
			productReference = 93B585151B4E6561009D7C5A /* libtakram_nanovg_osx_gl2.a */;
			productType = "com.apple.product-type.library.static";
		};
		93B585641B4E65B0009D7C5A /* nanovg_osx_gl3 */ = {
			isa = PBXNativeTarget;
			buildConfigurationList = 93B5857A1B4E65B0009D7C5A /* Build configuration list for PBXNativeTarget "nanovg_osx_gl3" */;
			buildPhases = (
				93B585651B4E65B0009D7C5A /* Sources */,
				93B5856A1B4E65B0009D7C5A /* Frameworks */,
				93B5856B1B4E65B0009D7C5A /* Headers */,
			);
			buildRules = (
			);
			dependencies = (
			);
			name = nanovg_osx_gl3;
			productName = sgss_opaque;
			productReference = 93B5857D1B4E65B0009D7C5A /* libtakram_nanovg_osx_gl3.a */;
			productType = "com.apple.product-type.library.static";
		};
/* End PBXNativeTarget section */

/* Begin PBXProject section */
		93F8AD6717C8B39800310877 /* Project object */ = {
			isa = PBXProject;
			attributes = {
				LastUpgradeCheck = 0700;
				ORGANIZATIONNAME = sgss;
			};
			buildConfigurationList = 93F8AD6A17C8B39800310877 /* Build configuration list for PBXProject "nanovg_osx" */;
			compatibilityVersion = "Xcode 3.2";
			developmentRegion = English;
			hasScannedForEncodings = 0;
			knownRegions = (
				en,
			);
			mainGroup = 93F8AD6617C8B39800310877;
			productRefGroup = 93F8AD7017C8B39800310877 /* products */;
			projectDirPath = "";
			projectRoot = "";
			targets = (
				93B584FC1B4E6561009D7C5A /* nanovg_osx_gl2 */,
				93B585641B4E65B0009D7C5A /* nanovg_osx_gl3 */,
			);
		};
/* End PBXProject section */

/* Begin PBXSourcesBuildPhase section */
		93B584FD1B4E6561009D7C5A /* Sources */ = {
			isa = PBXSourcesBuildPhase;
			buildActionMask = 2147483647;
			files = (
				93B585B71B4E6689009D7C5A /* gl2.cc in Sources */,
			);
			runOnlyForDeploymentPostprocessing = 0;
		};
		93B585651B4E65B0009D7C5A /* Sources */ = {
			isa = PBXSourcesBuildPhase;
			buildActionMask = 2147483647;
			files = (
				93B585B91B4E668C009D7C5A /* gl3.cc in Sources */,
			);
			runOnlyForDeploymentPostprocessing = 0;
		};
/* End PBXSourcesBuildPhase section */

/* Begin XCBuildConfiguration section */
		93B585131B4E6561009D7C5A /* Debug */ = {
			isa = XCBuildConfiguration;
			baseConfigurationReference = 930955051A4FB1E200D09023 /* product_debug.xcconfig */;
			buildSettings = {
				DYLIB_COMPATIBILITY_VERSION = 1;
				DYLIB_CURRENT_VERSION = 1;
				EXECUTABLE_PREFIX = lib;
				PRODUCT_NAME = "takram_$(PROJECT_NAME)_gl2";
			};
			name = Debug;
		};
		93B585141B4E6561009D7C5A /* Release */ = {
			isa = XCBuildConfiguration;
			baseConfigurationReference = 930955041A4FB1E200D09023 /* product_release.xcconfig */;
			buildSettings = {
				DYLIB_COMPATIBILITY_VERSION = 1;
				DYLIB_CURRENT_VERSION = 1;
				EXECUTABLE_PREFIX = lib;
				PRODUCT_NAME = "takram_$(PROJECT_NAME)_gl2";
			};
			name = Release;
		};
		93B5857B1B4E65B0009D7C5A /* Debug */ = {
			isa = XCBuildConfiguration;
			baseConfigurationReference = 930955051A4FB1E200D09023 /* product_debug.xcconfig */;
			buildSettings = {
				DYLIB_COMPATIBILITY_VERSION = 1;
				DYLIB_CURRENT_VERSION = 1;
				EXECUTABLE_PREFIX = lib;
				PRODUCT_NAME = "takram_$(PROJECT_NAME)_gl3";
			};
			name = Debug;
		};
		93B5857C1B4E65B0009D7C5A /* Release */ = {
			isa = XCBuildConfiguration;
			baseConfigurationReference = 930955041A4FB1E200D09023 /* product_release.xcconfig */;
			buildSettings = {
				DYLIB_COMPATIBILITY_VERSION = 1;
				DYLIB_CURRENT_VERSION = 1;
				EXECUTABLE_PREFIX = lib;
				PRODUCT_NAME = "takram_$(PROJECT_NAME)_gl3";
			};
			name = Release;
		};
		93F8AD7617C8B39800310877 /* Debug */ = {
			isa = XCBuildConfiguration;
			baseConfigurationReference = 930959301A5062D400D09023 /* project_debug.xcconfig */;
			buildSettings = {
				MACOSX_DEPLOYMENT_TARGET = "";
				ONLY_ACTIVE_ARCH = YES;
				SDKROOT = macosx;
			};
			name = Debug;
		};
		93F8AD7717C8B39800310877 /* Release */ = {
			isa = XCBuildConfiguration;
			baseConfigurationReference = 930959311A5062D400D09023 /* project_release.xcconfig */;
			buildSettings = {
				MACOSX_DEPLOYMENT_TARGET = "";
				ONLY_ACTIVE_ARCH = NO;
				SDKROOT = macosx;
			};
			name = Release;
		};
/* End XCBuildConfiguration section */

/* Begin XCConfigurationList section */
		93B585121B4E6561009D7C5A /* Build configuration list for PBXNativeTarget "nanovg_osx_gl2" */ = {
			isa = XCConfigurationList;
			buildConfigurations = (
				93B585131B4E6561009D7C5A /* Debug */,
				93B585141B4E6561009D7C5A /* Release */,
			);
			defaultConfigurationIsVisible = 0;
			defaultConfigurationName = Release;
		};
		93B5857A1B4E65B0009D7C5A /* Build configuration list for PBXNativeTarget "nanovg_osx_gl3" */ = {
			isa = XCConfigurationList;
			buildConfigurations = (
				93B5857B1B4E65B0009D7C5A /* Debug */,
				93B5857C1B4E65B0009D7C5A /* Release */,
			);
			defaultConfigurationIsVisible = 0;
			defaultConfigurationName = Release;
		};
		93F8AD6A17C8B39800310877 /* Build configuration list for PBXProject "nanovg_osx" */ = {
			isa = XCConfigurationList;
			buildConfigurations = (
				93F8AD7617C8B39800310877 /* Debug */,
				93F8AD7717C8B39800310877 /* Release */,
			);
			defaultConfigurationIsVisible = 0;
			defaultConfigurationName = Release;
		};
/* End XCConfigurationList section */
	};
	rootObject = 93F8AD6717C8B39800310877 /* Project object */;
}
